Microsoft Visual Studio Solution File, Format Version 12.00
# Visual Studio 15
VisualStudioVersion = 15.0.27130.2026
MinimumVisualStudioVersion = 10.0.40219.1
Project("{D954291E-2A0B-460D-934E-DC6B0785DB48}") = "Polcirkelleden", "Polcirkelleden\Polcirkelleden.shproj", "{CC6B39D9-EC6A-43FB-88C2-C4DC1BCC3663}"
EndProject
Project("{FAE04EC0-301F-11D3-BF4B-00C04F79EFBC}") = "Polcirkelleden.iOS", "iOS\Polcirkelleden.iOS.csproj", "{0D8EA3C8-BDAB-4F01-B47E-35E33425937D}"
EndProject
Project("{9344BDBB-3E7F-41FC-A0DD-8665D75EE146}") = "Polcirkelleden.Droid", "Droid\Polcirkelleden.Droid.csproj", "{9D47FA4C-1A65-4D45-B60C-C77E310CBF5F}"
EndProject
Global
	GlobalSection(SharedMSBuildProjectFiles) = preSolution
		Polcirkelleden\Polcirkelleden.projitems*{0d8ea3c8-bdab-4f01-b47e-35e33425937d}*SharedItemsImports = 4
		Polcirkelleden\Polcirkelleden.projitems*{3095d124-9179-4df9-9736-1a9511eb1d32}*SharedItemsImports = 4
		Polcirkelleden\Polcirkelleden.projitems*{cc6b39d9-ec6a-43fb-88c2-c4dc1bcc3663}*SharedItemsImports = 13
	EndGlobalSection
	GlobalSection(SolutionConfigurationPlatforms) = preSolution
		Ad-Hoc|Any CPU = Ad-Hoc|Any CPU
		Ad-Hoc|iPhone = Ad-Hoc|iPhone
		Ad-Hoc|iPhoneSimulator = Ad-Hoc|iPhoneSimulator
		AppStore|Any CPU = AppStore|Any CPU
		AppStore|iPhone = AppStore|iPhone
		AppStore|iPhoneSimulator = AppStore|iPhoneSimulator
		Debug|Any CPU = Debug|Any CPU
		Debug|iPhone = Debug|iPhone
		Debug|iPhoneSimulator = Debug|iPhoneSimulator
		Release|Any CPU = Release|Any CPU
		Release|iPhone = Release|iPhone
		Release|iPhoneSimulator = Release|iPhoneSimulator
	EndGlobalSection
	GlobalSection(ProjectConfigurationPlatforms) = postSolution
		{0D8EA3C8-BDAB-4F01-B47E-35E33425937D}.Ad-Hoc|Any CPU.ActiveCfg = Release|iPhoneSimulator
		{0D8EA3C8-BDAB-4F01-B47E-35E33425937D}.Ad-Hoc|Any CPU.Build.0 = Release|iPhoneSimulator
		{0D8EA3C8-BDAB-4F01-B47E-35E33425937D}.Ad-Hoc|iPhone.ActiveCfg = Release|iPhone
		{0D8EA3C8-BDAB-4F01-B47E-35E33425937D}.Ad-Hoc|iPhone.Build.0 = Release|iPhone
		{0D8EA3C8-BDAB-4F01-B47E-35E33425937D}.Ad-Hoc|iPhoneSimulator.ActiveCfg = Release|iPhoneSimulator
		{0D8EA3C8-BDAB-4F01-B47E-35E33425937D}.Ad-Hoc|iPhoneSimulator.Build.0 = Release|iPhoneSimulator
		{0D8EA3C8-BDAB-4F01-B47E-35E33425937D}.AppStore|Any CPU.ActiveCfg = Release|iPhoneSimulator
		{0D8EA3C8-BDAB-4F01-B47E-35E33425937D}.AppStore|Any CPU.Build.0 = Release|iPhoneSimulator
		{0D8EA3C8-BDAB-4F01-B47E-35E33425937D}.AppStore|iPhone.ActiveCfg = Release|iPhone
		{0D8EA3C8-BDAB-4F01-B47E-35E33425937D}.AppStore|iPhone.Build.0 = Release|iPhone
		{0D8EA3C8-BDAB-4F01-B47E-35E33425937D}.AppStore|iPhoneSimulator.ActiveCfg = Release|iPhoneSimulator
		{0D8EA3C8-BDAB-4F01-B47E-35E33425937D}.AppStore|iPhoneSimulator.Build.0 = Release|iPhoneSimulator
		{0D8EA3C8-BDAB-4F01-B47E-35E33425937D}.Debug|Any CPU.ActiveCfg = Debug|iPhoneSimulator
		{0D8EA3C8-BDAB-4F01-B47E-35E33425937D}.Debug|Any CPU.Build.0 = Debug|iPhoneSimulator
		{0D8EA3C8-BDAB-4F01-B47E-35E33425937D}.Debug|iPhone.ActiveCfg = Debug|iPhone
		{0D8EA3C8-BDAB-4F01-B47E-35E33425937D}.Debug|iPhone.Build.0 = Debug|iPhone
		{0D8EA3C8-BDAB-4F01-B47E-35E33425937D}.Debug|iPhoneSimulator.ActiveCfg = Debug|iPhoneSimulator
		{0D8EA3C8-BDAB-4F01-B47E-35E33425937D}.Debug|iPhoneSimulator.Build.0 = Debug|iPhoneSimulator
		{0D8EA3C8-BDAB-4F01-B47E-35E33425937D}.Release|Any CPU.ActiveCfg = Release|iPhone
		{0D8EA3C8-BDAB-4F01-B47E-35E33425937D}.Release|Any CPU.Build.0 = Release|iPhone
		{0D8EA3C8-BDAB-4F01-B47E-35E33425937D}.Release|iPhone.ActiveCfg = Release|iPhone
		{0D8EA3C8-BDAB-4F01-B47E-35E33425937D}.Release|iPhone.Build.0 = Release|iPhone
		{0D8EA3C8-BDAB-4F01-B47E-35E33425937D}.Release|iPhoneSimulator.ActiveCfg = Release|iPhoneSimulator
		{0D8EA3C8-BDAB-4F01-B47E-35E33425937D}.Release|iPhoneSimulator.Build.0 = Release|iPhoneSimulator
		{9D47FA4C-1A65-4D45-B60C-C77E310CBF5F}.Ad-Hoc|Any CPU.ActiveCfg = Release|Any CPU
		{9D47FA4C-1A65-4D45-B60C-C77E310CBF5F}.Ad-Hoc|Any CPU.Build.0 = Release|Any CPU
		{9D47FA4C-1A65-4D45-B60C-C77E310CBF5F}.Ad-Hoc|Any CPU.Deploy.0 = Release|Any CPU
		{9D47FA4C-1A65-4D45-B60C-C77E310CBF5F}.Ad-Hoc|iPhone.ActiveCfg = Release|Any CPU
		{9D47FA4C-1A65-4D45-B60C-C77E310CBF5F}.Ad-Hoc|iPhone.Build.0 = Release|Any CPU
		{9D47FA4C-1A65-4D45-B60C-C77E310CBF5F}.Ad-Hoc|iPhone.Deploy.0 = Release|Any CPU
		{9D47FA4C-1A65-4D45-B60C-C77E310CBF5F}.Ad-Hoc|iPhoneSimulator.ActiveCfg = Release|Any CPU
		{9D47FA4C-1A65-4D45-B60C-C77E310CBF5F}.Ad-Hoc|iPhoneSimulator.Build.0 = Release|Any CPU
		{9D47FA4C-1A65-4D45-B60C-C77E310CBF5F}.Ad-Hoc|iPhoneSimulator.Deploy.0 = Release|Any CPU
		{9D47FA4C-1A65-4D45-B60C-C77E310CBF5F}.AppStore|Any CPU.ActiveCfg = Release|Any CPU
		{9D47FA4C-1A65-4D45-B60C-C77E310CBF5F}.AppStore|Any CPU.Build.0 = Release|Any CPU
		{9D47FA4C-1A65-4D45-B60C-C77E310CBF5F}.AppStore|Any CPU.Deploy.0 = Release|Any CPU
		{9D47FA4C-1A65-4D45-B60C-C77E310CBF5F}.AppStore|iPhone.ActiveCfg = Release|Any CPU
		{9D47FA4C-1A65-4D45-B60C-C77E310CBF5F}.AppStore|iPhone.Build.0 = Release|Any CPU
		{9D47FA4C-1A65-4D45-B60C-C77E310CBF5F}.AppStore|iPhone.Deploy.0 = Release|Any CPU
		{9D47FA4C-1A65-4D45-B60C-C77E310CBF5F}.AppStore|iPhoneSimulator.ActiveCfg = Release|Any CPU
		{9D47FA4C-1A65-4D45-B60C-C77E310CBF5F}.AppStore|iPhoneSimulator.Build.0 = Release|Any CPU
		{9D47FA4C-1A65-4D45-B60C-C77E310CBF5F}.AppStore|iPhoneSimulator.Deploy.0 = Release|Any CPU
		{9D47FA4C-1A65-4D45-B60C-C77E310CBF5F}.Debug|Any CPU.ActiveCfg = Debug|Any CPU
		{9D47FA4C-1A65-4D45-B60C-C77E310CBF5F}.Debug|Any CPU.Build.0 = Debug|Any CPU
		{9D47FA4C-1A65-4D45-B60C-C77E310CBF5F}.Debug|Any CPU.Deploy.0 = Debug|Any CPU
		{9D47FA4C-1A65-4D45-B60C-C77E310CBF5F}.Debug|iPhone.ActiveCfg = Debug|Any CPU
		{9D47FA4C-1A65-4D45-B60C-C77E310CBF5F}.Debug|iPhone.Build.0 = Debug|Any CPU
		{9D47FA4C-1A65-4D45-B60C-C77E310CBF5F}.Debug|iPhone.Deploy.0 = Debug|Any CPU
		{9D47FA4C-1A65-4D45-B60C-C77E310CBF5F}.Debug|iPhoneSimulator.ActiveCfg = Debug|Any CPU
		{9D47FA4C-1A65-4D45-B60C-C77E310CBF5F}.Debug|iPhoneSimulator.Build.0 = Debug|Any CPU
		{9D47FA4C-1A65-4D45-B60C-C77E310CBF5F}.Debug|iPhoneSimulator.Deploy.0 = Debug|Any CPU
		{9D47FA4C-1A65-4D45-B60C-C77E310CBF5F}.Release|Any CPU.ActiveCfg = Release|Any CPU
		{9D47FA4C-1A65-4D45-B60C-C77E310CBF5F}.Release|Any CPU.Build.0 = Release|Any CPU
		{9D47FA4C-1A65-4D45-B60C-C77E310CBF5F}.Release|Any CPU.Deploy.0 = Release|Any CPU
		{9D47FA4C-1A65-4D45-B60C-C77E310CBF5F}.Release|iPhone.ActiveCfg = Release|Any CPU
		{9D47FA4C-1A65-4D45-B60C-C77E310CBF5F}.Release|iPhone.Build.0 = Release|Any CPU
		{9D47FA4C-1A65-4D45-B60C-C77E310CBF5F}.Release|iPhone.Deploy.0 = Release|Any CPU
		{9D47FA4C-1A65-4D45-B60C-C77E310CBF5F}.Release|iPhoneSimulator.ActiveCfg = Release|Any CPU
		{9D47FA4C-1A65-4D45-B60C-C77E310CBF5F}.Release|iPhoneSimulator.Build.0 = Release|Any CPU
	EndGlobalSection
	GlobalSection(SolutionProperties) = preSolution
		HideSolutionNode = FALSE
	EndGlobalSection
	GlobalSection(ExtensibilityGlobals) = postSolution
		SolutionGuid = {931D3AA1-33F0-4E2A-B8C5-7C77010F8FC0}
	EndGlobalSection
	GlobalSection(MonoDevelopProperties) = preSolution
		Policies = $0
		$0.DotNetNamingPolicy = $1
		$1.DirectoryNamespaceAssociation = PrefixedHierarchical
		$0.StandardHeader = $2
	EndGlobalSection
EndGlobal
